
Microsoft Visual Studio Solution File, Format Version 12.00
# Visual Studio Version 17
VisualStudioVersion = 17.8.34511.84
MinimumVisualStudioVersion = 10.0.40219.1
Project("{FAE04EC0-301F-11D3-BF4B-00C04F79EFBC}") = "btDiemdanh2", "btDiemdanh2\btDiemdanh2.csproj", "{01FAEE47-578F-4167-8FBF-2E67335E3681}"
EndProject
Global
	GlobalSection(SolutionConfigurationPlatforms) = preSolution
		Debug|Any CPU = Debug|Any CPU
		Release|Any CPU = Release|Any CPU
	EndGlobalSection
	GlobalSection(ProjectConfigurationPlatforms) = postSolution
		{01FAEE47-578F-4167-8FBF-2E67335E3681}.Debug|Any CPU.ActiveCfg = Debug|Any CPU
		{01FAEE47-578F-4167-8FBF-2E67335E3681}.Debug|Any CPU.Build.0 = Debug|Any CPU
		{01FAEE47-578F-4167-8FBF-2E67335E3681}.Release|Any CPU.ActiveCfg = Release|Any CPU
		{01FAEE47-578F-4167-8FBF-2E67335E3681}.Release|Any CPU.Build.0 = Release|Any CPU
	EndGlobalSection
	GlobalSection(SolutionProperties) = preSolution
		HideSolutionNode = FALSE
	EndGlobalSection
	GlobalSection(ExtensibilityGlobals) = postSolution
		SolutionGuid = {8F5F9911-EB23-4DC9-81E6-7E482784B714}
	EndGlobalSection
EndGlobal
