
Microsoft Visual Studio Solution File, Format Version 12.00
# Visual Studio Version 16
VisualStudioVersion = 16.0.34601.136
MinimumVisualStudioVersion = 10.0.40219.1
Project("{FAE04EC0-301F-11D3-BF4B-00C04F79EFBC}") = "DemoEntityFramework", "DemoEntityFramework\DemoEntityFramework.csproj", "{BB454C11-4671-4252-992B-0920132B3C95}"
EndProject
Global
	GlobalSection(SolutionConfigurationPlatforms) = preSolution
		Debug|Any CPU = Debug|Any CPU
		Release|Any CPU = Release|Any CPU
	EndGlobalSection
	GlobalSection(ProjectConfigurationPlatforms) = postSolution
		{BB454C11-4671-4252-992B-0920132B3C95}.Debug|Any CPU.ActiveCfg = Debug|Any CPU
		{BB454C11-4671-4252-992B-0920132B3C95}.Debug|Any CPU.Build.0 = Debug|Any CPU
		{BB454C11-4671-4252-992B-0920132B3C95}.Release|Any CPU.ActiveCfg = Release|Any CPU
		{BB454C11-4671-4252-992B-0920132B3C95}.Release|Any CPU.Build.0 = Release|Any CPU
	EndGlobalSection
	GlobalSection(SolutionProperties) = preSolution
		HideSolutionNode = FALSE
	EndGlobalSection
	GlobalSection(ExtensibilityGlobals) = postSolution
		SolutionGuid = {11137E96-7315-4D8C-8479-24C0D9253BF4}
	EndGlobalSection
EndGlobal
