
Microsoft Visual Studio Solution File, Format Version 12.00
# Visual Studio Version 17
VisualStudioVersion = 17.8.34511.84
MinimumVisualStudioVersion = 10.0.40219.1
Project("{FAE04EC0-301F-11D3-BF4B-00C04F79EFBC}") = "DoThaiBinh", "DoThaiBinh\DoThaiBinh.csproj", "{B04D28B9-3494-46C1-952C-B4A5166463E5}"
EndProject
Global
	GlobalSection(SolutionConfigurationPlatforms) = preSolution
		Debug|Any CPU = Debug|Any CPU
		Release|Any CPU = Release|Any CPU
	EndGlobalSection
	GlobalSection(ProjectConfigurationPlatforms) = postSolution
		{B04D28B9-3494-46C1-952C-B4A5166463E5}.Debug|Any CPU.ActiveCfg = Debug|Any CPU
		{B04D28B9-3494-46C1-952C-B4A5166463E5}.Debug|Any CPU.Build.0 = Debug|Any CPU
		{B04D28B9-3494-46C1-952C-B4A5166463E5}.Release|Any CPU.ActiveCfg = Release|Any CPU
		{B04D28B9-3494-46C1-952C-B4A5166463E5}.Release|Any CPU.Build.0 = Release|Any CPU
	EndGlobalSection
	GlobalSection(SolutionProperties) = preSolution
		HideSolutionNode = FALSE
	EndGlobalSection
	GlobalSection(ExtensibilityGlobals) = postSolution
		SolutionGuid = {EC24ED63-2F8C-42CA-A851-43AB6F84C803}
	EndGlobalSection
EndGlobal
